
Microsoft Visual Studio Solution File, Format Version 12.00
# Visual Studio Version 17
VisualStudioVersion = 17.1.32210.238
MinimumVisualStudioVersion = 10.0.40219.1
Project("{9A19103F-16F7-4668-BE54-9A1E7A4F7556}") = "LabzApplication", "LabzApplication\LabzApplication.csproj", "{F1407E27-BE6C-4A4E-944C-009DD6492E34}"
EndProject
Project("{9A19103F-16F7-4668-BE54-9A1E7A4F7556}") = "BusinessLayer", "BusinessLayer\BusinessLayer.csproj", "{D6AFB856-83A3-4052-BC55-5840BC781DF0}"
EndProject
Project("{9A19103F-16F7-4668-BE54-9A1E7A4F7556}") = "DataAccess", "DataAccess\DataAccess.csproj", "{EEDE6649-D28C-4D7D-8F84-510E03818C83}"
EndProject
Global
	GlobalSection(SolutionConfigurationPlatforms) = preSolution
		Debug|Any CPU = Debug|Any CPU
		Release|Any CPU = Release|Any CPU
	EndGlobalSection
	GlobalSection(ProjectConfigurationPlatforms) = postSolution
		{F1407E27-BE6C-4A4E-944C-009DD6492E34}.Debug|Any CPU.ActiveCfg = Debug|Any CPU
		{F1407E27-BE6C-4A4E-944C-009DD6492E34}.Debug|Any CPU.Build.0 = Debug|Any CPU
		{F1407E27-BE6C-4A4E-944C-009DD6492E34}.Release|Any CPU.ActiveCfg = Release|Any CPU
		{F1407E27-BE6C-4A4E-944C-009DD6492E34}.Release|Any CPU.Build.0 = Release|Any CPU
		{D6AFB856-83A3-4052-BC55-5840BC781DF0}.Debug|Any CPU.ActiveCfg = Debug|Any CPU
		{D6AFB856-83A3-4052-BC55-5840BC781DF0}.Debug|Any CPU.Build.0 = Debug|Any CPU
		{D6AFB856-83A3-4052-BC55-5840BC781DF0}.Release|Any CPU.ActiveCfg = Release|Any CPU
		{D6AFB856-83A3-4052-BC55-5840BC781DF0}.Release|Any CPU.Build.0 = Release|Any CPU
		{EEDE6649-D28C-4D7D-8F84-510E03818C83}.Debug|Any CPU.ActiveCfg = Debug|Any CPU
		{EEDE6649-D28C-4D7D-8F84-510E03818C83}.Debug|Any CPU.Build.0 = Debug|Any CPU
		{EEDE6649-D28C-4D7D-8F84-510E03818C83}.Release|Any CPU.ActiveCfg = Release|Any CPU
		{EEDE6649-D28C-4D7D-8F84-510E03818C83}.Release|Any CPU.Build.0 = Release|Any CPU
	EndGlobalSection
	GlobalSection(SolutionProperties) = preSolution
		HideSolutionNode = FALSE
	EndGlobalSection
	GlobalSection(ExtensibilityGlobals) = postSolution
		SolutionGuid = {523515C9-CF16-48AE-9C1E-6B1A98B3843F}
	EndGlobalSection
EndGlobal
